
Microsoft Visual Studio Solution File, Format Version 12.00
# Visual Studio Version 17
VisualStudioVersion = 17.0.32014.148
MinimumVisualStudioVersion = 10.0.40219.1
Project("{9A19103F-16F7-4668-BE54-9A1E7A4F7556}") = "API", "Northwind_New\AccreditationAPI\API.csproj", "{B2570F90-D587-4C03-BF61-9C799A2C1C4F}"
EndProject
Project("{9A19103F-16F7-4668-BE54-9A1E7A4F7556}") = "DataSource", "Northwind_New\DataSource\DataSource.csproj", "{D7F9A28D-1971-4AE0-BC3D-526538194373}"
EndProject
Project("{9A19103F-16F7-4668-BE54-9A1E7A4F7556}") = "DomainModel", "Northwind_New\DomainModel\DomainModel.csproj", "{32187765-D5FC-497E-B977-D1ECEDCA7923}"
EndProject
Project("{9A19103F-16F7-4668-BE54-9A1E7A4F7556}") = "Identity", "Northwind_New\Identity\Identity.csproj", "{E929B945-D931-4474-93E6-152374A068F9}"
EndProject
Project("{2150E333-8FDC-42A3-9474-1A3956D46DE8}") = "Infrastructure", "Infrastructure", "{F2BB5EF9-272E-48AD-84B3-C864FFD8C9D0}"
EndProject
Project("{2150E333-8FDC-42A3-9474-1A3956D46DE8}") = "Presentation", "Presentation", "{D8629B79-ACEB-41E1-9A9A-A3ACF8AE2036}"
EndProject
Project("{2150E333-8FDC-42A3-9474-1A3956D46DE8}") = "Core", "Core", "{896466F5-E391-4797-A5CD-F1B860579DA6}"
EndProject
Project("{9A19103F-16F7-4668-BE54-9A1E7A4F7556}") = "Application", "Northwind_New\Application\Application.csproj", "{97D3E2F2-2414-472C-B8E1-2E1CD2CA3A2B}"
EndProject
Project("{9A19103F-16F7-4668-BE54-9A1E7A4F7556}") = "DataAccess", "DataAccess\DataAccess.csproj", "{EC8B5724-90FD-4C08-8FEF-C79963C71705}"
EndProject
Project("{2150E333-8FDC-42A3-9474-1A3956D46DE8}") = "Tests", "Tests", "{9ED5053F-536E-4A98-B32A-E0CC305489FB}"
EndProject
Project("{2150E333-8FDC-42A3-9474-1A3956D46DE8}") = "IdentityServer", "IdentityServer", "{C013F0A0-1CCE-4A6A-860A-483CB6CDFB3B}"
EndProject
Project("{9A19103F-16F7-4668-BE54-9A1E7A4F7556}") = "NorthwindTest.Unit", "NorthwindTest.Unit\NorthwindTest.Unit.csproj", "{904A5D98-C710-408F-B740-68653D993A4F}"
EndProject
Global
	GlobalSection(SolutionConfigurationPlatforms) = preSolution
		Debug|Any CPU = Debug|Any CPU
		Release|Any CPU = Release|Any CPU
	EndGlobalSection
	GlobalSection(ProjectConfigurationPlatforms) = postSolution
		{B2570F90-D587-4C03-BF61-9C799A2C1C4F}.Debug|Any CPU.ActiveCfg = Debug|Any CPU
		{B2570F90-D587-4C03-BF61-9C799A2C1C4F}.Debug|Any CPU.Build.0 = Debug|Any CPU
		{B2570F90-D587-4C03-BF61-9C799A2C1C4F}.Release|Any CPU.ActiveCfg = Release|Any CPU
		{B2570F90-D587-4C03-BF61-9C799A2C1C4F}.Release|Any CPU.Build.0 = Release|Any CPU
		{D7F9A28D-1971-4AE0-BC3D-526538194373}.Debug|Any CPU.ActiveCfg = Debug|Any CPU
		{D7F9A28D-1971-4AE0-BC3D-526538194373}.Debug|Any CPU.Build.0 = Debug|Any CPU
		{D7F9A28D-1971-4AE0-BC3D-526538194373}.Release|Any CPU.ActiveCfg = Release|Any CPU
		{D7F9A28D-1971-4AE0-BC3D-526538194373}.Release|Any CPU.Build.0 = Release|Any CPU
		{32187765-D5FC-497E-B977-D1ECEDCA7923}.Debug|Any CPU.ActiveCfg = Debug|Any CPU
		{32187765-D5FC-497E-B977-D1ECEDCA7923}.Debug|Any CPU.Build.0 = Debug|Any CPU
		{32187765-D5FC-497E-B977-D1ECEDCA7923}.Release|Any CPU.ActiveCfg = Release|Any CPU
		{32187765-D5FC-497E-B977-D1ECEDCA7923}.Release|Any CPU.Build.0 = Release|Any CPU
		{E929B945-D931-4474-93E6-152374A068F9}.Debug|Any CPU.ActiveCfg = Debug|Any CPU
		{E929B945-D931-4474-93E6-152374A068F9}.Debug|Any CPU.Build.0 = Debug|Any CPU
		{E929B945-D931-4474-93E6-152374A068F9}.Release|Any CPU.ActiveCfg = Release|Any CPU
		{E929B945-D931-4474-93E6-152374A068F9}.Release|Any CPU.Build.0 = Release|Any CPU
		{97D3E2F2-2414-472C-B8E1-2E1CD2CA3A2B}.Debug|Any CPU.ActiveCfg = Debug|Any CPU
		{97D3E2F2-2414-472C-B8E1-2E1CD2CA3A2B}.Debug|Any CPU.Build.0 = Debug|Any CPU
		{97D3E2F2-2414-472C-B8E1-2E1CD2CA3A2B}.Release|Any CPU.ActiveCfg = Release|Any CPU
		{97D3E2F2-2414-472C-B8E1-2E1CD2CA3A2B}.Release|Any CPU.Build.0 = Release|Any CPU
		{EC8B5724-90FD-4C08-8FEF-C79963C71705}.Debug|Any CPU.ActiveCfg = Debug|Any CPU
		{EC8B5724-90FD-4C08-8FEF-C79963C71705}.Debug|Any CPU.Build.0 = Debug|Any CPU
		{EC8B5724-90FD-4C08-8FEF-C79963C71705}.Release|Any CPU.ActiveCfg = Release|Any CPU
		{EC8B5724-90FD-4C08-8FEF-C79963C71705}.Release|Any CPU.Build.0 = Release|Any CPU
		{904A5D98-C710-408F-B740-68653D993A4F}.Debug|Any CPU.ActiveCfg = Debug|Any CPU
		{904A5D98-C710-408F-B740-68653D993A4F}.Debug|Any CPU.Build.0 = Debug|Any CPU
		{904A5D98-C710-408F-B740-68653D993A4F}.Release|Any CPU.ActiveCfg = Release|Any CPU
		{904A5D98-C710-408F-B740-68653D993A4F}.Release|Any CPU.Build.0 = Release|Any CPU
	EndGlobalSection
	GlobalSection(SolutionProperties) = preSolution
		HideSolutionNode = FALSE
	EndGlobalSection
	GlobalSection(NestedProjects) = preSolution
		{B2570F90-D587-4C03-BF61-9C799A2C1C4F} = {D8629B79-ACEB-41E1-9A9A-A3ACF8AE2036}
		{D7F9A28D-1971-4AE0-BC3D-526538194373} = {F2BB5EF9-272E-48AD-84B3-C864FFD8C9D0}
		{32187765-D5FC-497E-B977-D1ECEDCA7923} = {896466F5-E391-4797-A5CD-F1B860579DA6}
		{E929B945-D931-4474-93E6-152374A068F9} = {C013F0A0-1CCE-4A6A-860A-483CB6CDFB3B}
		{97D3E2F2-2414-472C-B8E1-2E1CD2CA3A2B} = {896466F5-E391-4797-A5CD-F1B860579DA6}
		{EC8B5724-90FD-4C08-8FEF-C79963C71705} = {F2BB5EF9-272E-48AD-84B3-C864FFD8C9D0}
		{904A5D98-C710-408F-B740-68653D993A4F} = {9ED5053F-536E-4A98-B32A-E0CC305489FB}
	EndGlobalSection
	GlobalSection(ExtensibilityGlobals) = postSolution
		SolutionGuid = {7C267588-199C-467A-AD26-39828B9239A4}
	EndGlobalSection
EndGlobal
